
Microsoft Visual Studio Solution File, Format Version 12.00
# Visual Studio 15
VisualStudioVersion = 15.0.28307.902
MinimumVisualStudioVersion = 10.0.40219.1
Project("{FAE04EC0-301F-11D3-BF4B-00C04F79EFBC}") = "newweb1", "newweb1\newweb1.csproj", "{CA285274-CF5A-4DF4-8343-CFAE747B15EE}"
EndProject
Project("{FAE04EC0-301F-11D3-BF4B-00C04F79EFBC}") = "new web2", "new web2\new web2.csproj", "{D787FCFE-9E9E-47E4-8E10-1A46B5B8BE28}"
EndProject
Global
	GlobalSection(SolutionConfigurationPlatforms) = preSolution
		Debug|Any CPU = Debug|Any CPU
		Release|Any CPU = Release|Any CPU
	EndGlobalSection
	GlobalSection(ProjectConfigurationPlatforms) = postSolution
		{CA285274-CF5A-4DF4-8343-CFAE747B15EE}.Debug|Any CPU.ActiveCfg = Debug|Any CPU
		{CA285274-CF5A-4DF4-8343-CFAE747B15EE}.Debug|Any CPU.Build.0 = Debug|Any CPU
		{CA285274-CF5A-4DF4-8343-CFAE747B15EE}.Release|Any CPU.ActiveCfg = Release|Any CPU
		{CA285274-CF5A-4DF4-8343-CFAE747B15EE}.Release|Any CPU.Build.0 = Release|Any CPU
		{D787FCFE-9E9E-47E4-8E10-1A46B5B8BE28}.Debug|Any CPU.ActiveCfg = Debug|Any CPU
		{D787FCFE-9E9E-47E4-8E10-1A46B5B8BE28}.Debug|Any CPU.Build.0 = Debug|Any CPU
		{D787FCFE-9E9E-47E4-8E10-1A46B5B8BE28}.Release|Any CPU.ActiveCfg = Release|Any CPU
		{D787FCFE-9E9E-47E4-8E10-1A46B5B8BE28}.Release|Any CPU.Build.0 = Release|Any CPU
	EndGlobalSection
	GlobalSection(SolutionProperties) = preSolution
		HideSolutionNode = FALSE
	EndGlobalSection
	GlobalSection(ExtensibilityGlobals) = postSolution
		SolutionGuid = {ECB038FE-657B-43F8-BF92-8894381C5AE8}
	EndGlobalSection
EndGlobal
